// !$*UTF8*$!
{
	archiveVersion = 1;
	classes = {
	};
	objectVersion = 50;
	objects = {

/* Begin PBXBuildFile section */
		A358131D23B3396C006E47A0 /* AppDelegate.swift in Sources */ = {isa = PBXBuildFile; fileRef = A358131C23B3396C006E47A0 /* AppDelegate.swift */; };
		A358131F23B3396C006E47A0 /* SceneDelegate.swift in Sources */ = {isa = PBXBuildFile; fileRef = A358131E23B3396C006E47A0 /* SceneDelegate.swift */; };
		A358132323B3396F006E47A0 /* Assets.xcassets in Resources */ = {isa = PBXBuildFile; fileRef = A358132223B3396F006E47A0 /* Assets.xcassets */; };
		A358132623B3396F006E47A0 /* Preview Assets.xcassets in Resources */ = {isa = PBXBuildFile; fileRef = A358132523B3396F006E47A0 /* Preview Assets.xcassets */; };
		A358132923B3396F006E47A0 /* LaunchScreen.storyboard in Resources */ = {isa = PBXBuildFile; fileRef = A358132723B3396F006E47A0 /* LaunchScreen.storyboard */; };
		A358133123B33979006E47A0 /* drinks.json in Resources */ = {isa = PBXBuildFile; fileRef = A358133023B33979006E47A0 /* drinks.json */; };
		A358133323B33F12006E47A0 /* DrinkRow.swift in Sources */ = {isa = PBXBuildFile; fileRef = A358133223B33F12006E47A0 /* DrinkRow.swift */; };
		A358133723B3EAF8006E47A0 /* Data.swift in Sources */ = {isa = PBXBuildFile; fileRef = A358133623B3EAF8006E47A0 /* Data.swift */; };
		A358133923B3EE7F006E47A0 /* DrinkItem.swift in Sources */ = {isa = PBXBuildFile; fileRef = A358133823B3EE7F006E47A0 /* DrinkItem.swift */; };
		A358133B23B3EEAD006E47A0 /* Drink.swift in Sources */ = {isa = PBXBuildFile; fileRef = A358133A23B3EEAD006E47A0 /* Drink.swift */; };
		A358133D23B46B1E006E47A0 /* HomeView.swift in Sources */ = {isa = PBXBuildFile; fileRef = A358133C23B46B1D006E47A0 /* HomeView.swift */; };
		A358133F23B4767A006E47A0 /* DrinkDetail.swift in Sources */ = {isa = PBXBuildFile; fileRef = A358133E23B4767A006E47A0 /* DrinkDetail.swift */; };
/* End PBXBuildFile section */

/* Begin PBXFileReference section */
		A358131923B3396C006E47A0 /* CoffeeWithSwiftUI.app */ = {isa = PBXFileReference; explicitFileType = wrapper.application; includeInIndex = 0; path = CoffeeWithSwiftUI.app; sourceTree = BUILT_PRODUCTS_DIR; };
		A358131C23B3396C006E47A0 /* AppDelegate.swift */ = {isa = PBXFileReference; lastKnownFileType = sourcecode.swift; path = AppDelegate.swift; sourceTree = "<group>"; };
		A358131E23B3396C006E47A0 /* SceneDelegate.swift */ = {isa = PBXFileReference; lastKnownFileType = sourcecode.swift; path = SceneDelegate.swift; sourceTree = "<group>"; };
		A358132223B3396F006E47A0 /* Assets.xcassets */ = {isa = PBXFileReference; lastKnownFileType = folder.assetcatalog; path = Assets.xcassets; sourceTree = "<group>"; };
		A358132523B3396F006E47A0 /* Preview Assets.xcassets */ = {isa = PBXFileReference; lastKnownFileType = folder.assetcatalog; path = "Preview Assets.xcassets"; sourceTree = "<group>"; };
		A358132823B3396F006E47A0 /* Base */ = {isa = PBXFileReference; lastKnownFileType = file.storyboard; name = Base; path = Base.lproj/LaunchScreen.storyboard; sourceTree = "<group>"; };
		A358132A23B3396F006E47A0 /* Info.plist */ = {isa = PBXFileReference; lastKnownFileType = text.plist.xml; path = Info.plist; sourceTree = "<group>"; };
		A358133023B33979006E47A0 /* drinks.json */ = {isa = PBXFileReference; fileEncoding = 4; lastKnownFileType = text.json; path = drinks.json; sourceTree = "<group>"; };
		A358133223B33F12006E47A0 /* DrinkRow.swift */ = {isa = PBXFileReference; lastKnownFileType = sourcecode.swift; path = DrinkRow.swift; sourceTree = "<group>"; };
		A358133623B3EAF8006E47A0 /* Data.swift */ = {isa = PBXFileReference; lastKnownFileType = sourcecode.swift; path = Data.swift; sourceTree = "<group>"; };
		A358133823B3EE7F006E47A0 /* DrinkItem.swift */ = {isa = PBXFileReference; lastKnownFileType = sourcecode.swift; path = DrinkItem.swift; sourceTree = "<group>"; };
		A358133A23B3EEAD006E47A0 /* Drink.swift */ = {isa = PBXFileReference; lastKnownFileType = sourcecode.swift; path = Drink.swift; sourceTree = "<group>"; };
		A358133C23B46B1D006E47A0 /* HomeView.swift */ = {isa = PBXFileReference; lastKnownFileType = sourcecode.swift; path = HomeView.swift; sourceTree = "<group>"; };
		A358133E23B4767A006E47A0 /* DrinkDetail.swift */ = {isa = PBXFileReference; lastKnownFileType = sourcecode.swift; path = DrinkDetail.swift; sourceTree = "<group>"; };
/* End PBXFileReference section */

/* Begin PBXFrameworksBuildPhase section */
		A358131623B3396C006E47A0 /* Frameworks */ = {
			isa = PBXFrameworksBuildPhase;
			buildActionMask = 2147483647;
			files = (
			);
			runOnlyForDeploymentPostprocessing = 0;
		};
/* End PBXFrameworksBuildPhase section */

/* Begin PBXGroup section */
		A358131023B3396C006E47A0 = {
			isa = PBXGroup;
			children = (
				A358131B23B3396C006E47A0 /* CoffeeWithSwiftUI */,
				A358131A23B3396C006E47A0 /* Products */,
			);
			sourceTree = "<group>";
		};
		A358131A23B3396C006E47A0 /* Products */ = {
			isa = PBXGroup;
			children = (
				A358131923B3396C006E47A0 /* CoffeeWithSwiftUI.app */,
			);
			name = Products;
			sourceTree = "<group>";
		};
		A358131B23B3396C006E47A0 /* CoffeeWithSwiftUI */ = {
			isa = PBXGroup;
			children = (
				A358131C23B3396C006E47A0 /* AppDelegate.swift */,
				A358131E23B3396C006E47A0 /* SceneDelegate.swift */,
				A358133C23B46B1D006E47A0 /* HomeView.swift */,
				A358133E23B4767A006E47A0 /* DrinkDetail.swift */,
				A358134223B48955006E47A0 /* Supporting view */,
				A358134023B488F7006E47A0 /* Model */,
				A358134123B48924006E47A0 /* JSON */,
				A358132223B3396F006E47A0 /* Assets.xcassets */,
				A358132723B3396F006E47A0 /* LaunchScreen.storyboard */,
				A358132A23B3396F006E47A0 /* Info.plist */,
				A358132423B3396F006E47A0 /* Preview Content */,
			);
			path = CoffeeWithSwiftUI;
			sourceTree = "<group>";
		};
		A358132423B3396F006E47A0 /* Preview Content */ = {
			isa = PBXGroup;
			children = (
				A358132523B3396F006E47A0 /* Preview Assets.xcassets */,
			);
			path = "Preview Content";
			sourceTree = "<group>";
		};
		A358134023B488F7006E47A0 /* Model */ = {
			isa = PBXGroup;
			children = (
				A358133623B3EAF8006E47A0 /* Data.swift */,
				A358133A23B3EEAD006E47A0 /* Drink.swift */,
			);
			path = Model;
			sourceTree = "<group>";
		};
		A358134123B48924006E47A0 /* JSON */ = {
			isa = PBXGroup;
			children = (
				A358133023B33979006E47A0 /* drinks.json */,
			);
			path = JSON;
			sourceTree = "<group>";
		};
		A358134223B48955006E47A0 /* Supporting view */ = {
			isa = PBXGroup;
			children = (
				A358133223B33F12006E47A0 /* DrinkRow.swift */,
				A358133823B3EE7F006E47A0 /* DrinkItem.swift */,
			);
			path = "Supporting view";
			sourceTree = "<group>";
		};
/* End PBXGroup section */

/* Begin PBXNativeTarget section */
		A358131823B3396C006E47A0 /* CoffeeWithSwiftUI */ = {
			isa = PBXNativeTarget;
			buildConfigurationList = A358132D23B3396F006E47A0 /* Build configuration list for PBXNativeTarget "CoffeeWithSwiftUI" */;
			buildPhases = (
				A358131523B3396C006E47A0 /* Sources */,
				A358131623B3396C006E47A0 /* Frameworks */,
				A358131723B3396C006E47A0 /* Resources */,
			);
			buildRules = (
			);
			dependencies = (
			);
			name = CoffeeWithSwiftUI;
			productName = CoffeeWithSwiftUI;
			productReference = A358131923B3396C006E47A0 /* CoffeeWithSwiftUI.app */;
			productType = "com.apple.product-type.application";
		};
/* End PBXNativeTarget section */

/* Begin PBXProject section */
		A358131123B3396C006E47A0 /* Project object */ = {
			isa = PBXProject;
			attributes = {
				LastSwiftUpdateCheck = 1130;
				LastUpgradeCheck = 1130;
				ORGANIZATIONNAME = "Abhijeet Aher";
				TargetAttributes = {
					A358131823B3396C006E47A0 = {
						CreatedOnToolsVersion = 11.3;
					};
				};
			};
			buildConfigurationList = A358131423B3396C006E47A0 /* Build configuration list for PBXProject "CoffeeWithSwiftUI" */;
			compatibilityVersion = "Xcode 9.3";
			developmentRegion = en;
			hasScannedForEncodings = 0;
			knownRegions = (
				en,
				Base,
			);
			mainGroup = A358131023B3396C006E47A0;
			productRefGroup = A358131A23B3396C006E47A0 /* Products */;
			projectDirPath = "";
			projectRoot = "";
			targets = (
				A358131823B3396C006E47A0 /* CoffeeWithSwiftUI */,
			);
		};
/* End PBXProject section */

/* Begin PBXResourcesBuildPhase section */
		A358131723B3396C006E47A0 /* Resources */ = {
			isa = PBXResourcesBuildPhase;
			buildActionMask = 2147483647;
			files = (
				A358132923B3396F006E47A0 /* LaunchScreen.storyboard in Resources */,
				A358132623B3396F006E47A0 /* Preview Assets.xcassets in Resources */,
				A358133123B33979006E47A0 /* drinks.json in Resources */,
				A358132323B3396F006E47A0 /* Assets.xcassets in Resources */,
			);
			runOnlyForDeploymentPostprocessing = 0;
		};
/* End PBXResourcesBuildPhase section */

/* Begin PBXSourcesBuildPhase section */
		A358131523B3396C006E47A0 /* Sources */ = {
			isa = PBXSourcesBuildPhase;
			buildActionMask = 2147483647;
			files = (
				A358131D23B3396C006E47A0 /* AppDelegate.swift in Sources */,
				A358133D23B46B1E006E47A0 /* HomeView.swift in Sources */,
				A358133723B3EAF8006E47A0 /* Data.swift in Sources */,
				A358133323B33F12006E47A0 /* DrinkRow.swift in Sources */,
				A358131F23B3396C006E47A0 /* SceneDelegate.swift in Sources */,
				A358133B23B3EEAD006E47A0 /* Drink.swift in Sources */,
				A358133923B3EE7F006E47A0 /* DrinkItem.swift in Sources */,
				A358133F23B4767A006E47A0 /* DrinkDetail.swift in Sources */,
			);
			runOnlyForDeploymentPostprocessing = 0;
		};
/* End PBXSourcesBuildPhase section */

/* Begin PBXVariantGroup section */
		A358132723B3396F006E47A0 /* LaunchScreen.storyboard */ = {
			isa = PBXVariantGroup;
			children = (
				A358132823B3396F006E47A0 /* Base */,
			);
			name = LaunchScreen.storyboard;
			sourceTree = "<group>";
		};
/* End PBXVariantGroup section */

/* Begin XCBuildConfiguration section */
		A358132B23B3396F006E47A0 /* Debug */ = {
			isa = XCBuildConfiguration;
			buildSettings = {
				ALWAYS_SEARCH_USER_PATHS = NO;
				CLANG_ANALYZER_NONNULL = YES;
				CLANG_ANALYZER_NUMBER_OBJECT_CONVERSION = YES_AGGRESSIVE;
				CLANG_CXX_LANGUAGE_STANDARD = "gnu++14";
				CLANG_CXX_LIBRARY = "libc++";
				CLANG_ENABLE_MODULES = YES;
				CLANG_ENABLE_OBJC_ARC = YES;
				CLANG_ENABLE_OBJC_WEAK = YES;
				CLANG_WARN_BLOCK_CAPTURE_AUTORELEASING = YES;
				CLANG_WARN_BOOL_CONVERSION = YES;
				CLANG_WARN_COMMA = YES;
				CLANG_WARN_CONSTANT_CONVERSION = YES;
				CLANG_WARN_DEPRECATED_OBJC_IMPLEMENTATIONS = YES;
				CLANG_WARN_DIRECT_OBJC_ISA_USAGE = YES_ERROR;
				CLANG_WARN_DOCUMENTATION_COMMENTS = YES;
				CLANG_WARN_EMPTY_BODY = YES;
				CLANG_WARN_ENUM_CONVERSION = YES;
				CLANG_WARN_INFINITE_RECURSION = YES;
				CLANG_WARN_INT_CONVERSION = YES;
				CLANG_WARN_NON_LITERAL_NULL_CONVERSION = YES;
				CLANG_WARN_OBJC_IMPLICIT_RETAIN_SELF = YES;
				CLANG_WARN_OBJC_LITERAL_CONVERSION = YES;
				CLANG_WARN_OBJC_ROOT_CLASS = YES_ERROR;
				CLANG_WARN_RANGE_LOOP_ANALYSIS = YES;
				CLANG_WARN_STRICT_PROTOTYPES = YES;
				CLANG_WARN_SUSPICIOUS_MOVE = YES;
				CLANG_WARN_UNGUARDED_AVAILABILITY = YES_AGGRESSIVE;
				CLANG_WARN_UNREACHABLE_CODE = YES;
				CLANG_WARN__DUPLICATE_METHOD_MATCH = YES;
				COPY_PHASE_STRIP = NO;
				DEBUG_INFORMATION_FORMAT = dwarf;
				ENABLE_STRICT_OBJC_MSGSEND = YES;
				ENABLE_TESTABILITY = YES;
				GCC_C_LANGUAGE_STANDARD = gnu11;
				GCC_DYNAMIC_NO_PIC = NO;
				GCC_NO_COMMON_BLOCKS = YES;
				GCC_OPTIMIZATION_LEVEL = 0;
				GCC_PREPROCESSOR_DEFINITIONS = (
					"DEBUG=1",
					"$(inherited)",
				);
				GCC_WARN_64_TO_32_BIT_CONVERSION = YES;
				GCC_WARN_ABOUT_RETURN_TYPE = YES_ERROR;
				GCC_WARN_UNDECLARED_SELECTOR = YES;
				GCC_WARN_UNINITIALIZED_AUTOS = YES_AGGRESSIVE;
				GCC_WARN_UNUSED_FUNCTION = YES;
				GCC_WARN_UNUSED_VARIABLE = YES;
				IPHONEOS_DEPLOYMENT_TARGET = 13.2;
				MTL_ENABLE_DEBUG_INFO = INCLUDE_SOURCE;
				MTL_FAST_MATH = YES;
				ONLY_ACTIVE_ARCH = YES;
				SDKROOT = iphoneos;
				SWIFT_ACTIVE_COMPILATION_CONDITIONS = DEBUG;
				SWIFT_OPTIMIZATION_LEVEL = "-Onone";
			};
			name = Debug;
		};
		A358132C23B3396F006E47A0 /* Release */ = {
			isa = XCBuildConfiguration;
			buildSettings = {
				ALWAYS_SEARCH_USER_PATHS = NO;
				CLANG_ANALYZER_NONNULL = YES;
				CLANG_ANALYZER_NUMBER_OBJECT_CONVERSION = YES_AGGRESSIVE;
				CLANG_CXX_LANGUAGE_STANDARD = "gnu++14";
				CLANG_CXX_LIBRARY = "libc++";
				CLANG_ENABLE_MODULES = YES;
				CLANG_ENABLE_OBJC_ARC = YES;
				CLANG_ENABLE_OBJC_WEAK = YES;
				CLANG_WARN_BLOCK_CAPTURE_AUTORELEASING = YES;
				CLANG_WARN_BOOL_CONVERSION = YES;
				CLANG_WARN_COMMA = YES;
				CLANG_WARN_CONSTANT_CONVERSION = YES;
				CLANG_WARN_DEPRECATED_OBJC_IMPLEMENTATIONS = YES;
				CLANG_WARN_DIRECT_OBJC_ISA_USAGE = YES_ERROR;
				CLANG_WARN_DOCUMENTATION_COMMENTS = YES;
				CLANG_WARN_EMPTY_BODY = YES;
				CLANG_WARN_ENUM_CONVERSION = YES;
				CLANG_WARN_INFINITE_RECURSION = YES;
				CLANG_WARN_INT_CONVERSION = YES;
				CLANG_WARN_NON_LITERAL_NULL_CONVERSION = YES;
				CLANG_WARN_OBJC_IMPLICIT_RETAIN_SELF = YES;
				CLANG_WARN_OBJC_LITERAL_CONVERSION = YES;
				CLANG_WARN_OBJC_ROOT_CLASS = YES_ERROR;
				CLANG_WARN_RANGE_LOOP_ANALYSIS = YES;
				CLANG_WARN_STRICT_PROTOTYPES = YES;
				CLANG_WARN_SUSPICIOUS_MOVE = YES;
				CLANG_WARN_UNGUARDED_AVAILABILITY = YES_AGGRESSIVE;
				CLANG_WARN_UNREACHABLE_CODE = YES;
				CLANG_WARN__DUPLICATE_METHOD_MATCH = YES;
				COPY_PHASE_STRIP = NO;
				DEBUG_INFORMATION_FORMAT = "dwarf-with-dsym";
				ENABLE_NS_ASSERTIONS = NO;
				ENABLE_STRICT_OBJC_MSGSEND = YES;
				GCC_C_LANGUAGE_STANDARD = gnu11;
				GCC_NO_COMMON_BLOCKS = YES;
				GCC_WARN_64_TO_32_BIT_CONVERSION = YES;
				GCC_WARN_ABOUT_RETURN_TYPE = YES_ERROR;
				GCC_WARN_UNDECLARED_SELECTOR = YES;
				GCC_WARN_UNINITIALIZED_AUTOS = YES_AGGRESSIVE;
				GCC_WARN_UNUSED_FUNCTION = YES;
				GCC_WARN_UNUSED_VARIABLE = YES;
				IPHONEOS_DEPLOYMENT_TARGET = 13.2;
				MTL_ENABLE_DEBUG_INFO = NO;
				MTL_FAST_MATH = YES;
				SDKROOT = iphoneos;
				SWIFT_COMPILATION_MODE = wholemodule;
				SWIFT_OPTIMIZATION_LEVEL = "-O";
				VALIDATE_PRODUCT = YES;
			};
			name = Release;
		};
		A358132E23B3396F006E47A0 /* Debug */ = {
			isa = XCBuildConfiguration;
			buildSettings = {
				ASSETCATALOG_COMPILER_APPICON_NAME = AppIcon;
				CODE_SIGN_STYLE = Automatic;
				DEVELOPMENT_ASSET_PATHS = "\"CoffeeWithSwiftUI/Preview Content\"";
				ENABLE_PREVIEWS = YES;
				INFOPLIST_FILE = CoffeeWithSwiftUI/Info.plist;
				LD_RUNPATH_SEARCH_PATHS = (
					"$(inherited)",
					"@executable_path/Frameworks",
				);
				PRODUCT_BUNDLE_IDENTIFIER = com.abhi.swiftUI.CoffeeWithSwiftUI;
				PRODUCT_NAME = "$(TARGET_NAME)";
				SWIFT_VERSION = 5.0;
				TARGETED_DEVICE_FAMILY = "1,2";
			};
			name = Debug;
		};
		A358132F23B3396F006E47A0 /* Release */ = {
			isa = XCBuildConfiguration;
			buildSettings = {
				ASSETCATALOG_COMPILER_APPICON_NAME = AppIcon;
				CODE_SIGN_STYLE = Automatic;
				DEVELOPMENT_ASSET_PATHS = "\"CoffeeWithSwiftUI/Preview Content\"";
				ENABLE_PREVIEWS = YES;
				INFOPLIST_FILE = CoffeeWithSwiftUI/Info.plist;
				LD_RUNPATH_SEARCH_PATHS = (
					"$(inherited)",
					"@executable_path/Frameworks",
				);
				PRODUCT_BUNDLE_IDENTIFIER = com.abhi.swiftUI.CoffeeWithSwiftUI;
				PRODUCT_NAME = "$(TARGET_NAME)";
				SWIFT_VERSION = 5.0;
				TARGETED_DEVICE_FAMILY = "1,2";
			};
			name = Release;
		};
/* End XCBuildConfiguration section */

/* Begin XCConfigurationList section */
		A358131423B3396C006E47A0 /* Build configuration list for PBXProject "CoffeeWithSwiftUI" */ = {
			isa = XCConfigurationList;
			buildConfigurations = (
				A358132B23B3396F006E47A0 /* Debug */,
				A358132C23B3396F006E47A0 /* Release */,
			);
			defaultConfigurationIsVisible = 0;
			defaultConfigurationName = Release;
		};
		A358132D23B3396F006E47A0 /* Build configuration list for PBXNativeTarget "CoffeeWithSwiftUI" */ = {
			isa = XCConfigurationList;
			buildConfigurations = (
				A358132E23B3396F006E47A0 /* Debug */,
				A358132F23B3396F006E47A0 /* Release */,
			);
			defaultConfigurationIsVisible = 0;
			defaultConfigurationName = Release;
		};
/* End XCConfigurationList section */
	};
	rootObject = A358131123B3396C006E47A0 /* Project object */;
}
